<?xml version="1.0" encoding="utf-8"?>
<Project ToolsVersion="17.0" xmlns="http://schemas.microsoft.com/developer/msbuild/2003">
  <ItemGroup>
    <ClCompile Include="C:\Users\wowek\OneDrive\Pulpit\JPO_Zapas\Calc_for_IT_project\src\Calc_for_ele_project.cpp">
      <Filter>Source Files</Filter>
    </ClCompile>
    <ClCompile Include="C:\Users\wowek\OneDrive\Pulpit\JPO_Zapas\Calc_for_IT_project\src\Calc_for_ele_projectDlg.cpp">
      <Filter>Source Files</Filter>
    </ClCompile>
    <ClCompile Include="C:\Users\wowek\OneDrive\Pulpit\JPO_Zapas\Calc_for_IT_project\src\pch.cpp">
      <Filter>Source Files</Filter>
    </ClCompile>
    <ClCompile Include="C:\Users\wowek\OneDrive\Pulpit\JPO_Zapas\Calc_for_IT_project\src\Conversions.cpp">
      <Filter>Source Files</Filter>
    </ClCompile>
  </ItemGroup>
  <ItemGroup>
    <ClInclude Include="C:\Users\wowek\OneDrive\Pulpit\JPO_Zapas\Calc_for_IT_project\include\Calc_for_ele_project.h">
      <Filter>Header Files</Filter>
    </ClInclude>
    <ClInclude Include="C:\Users\wowek\OneDrive\Pulpit\JPO_Zapas\Calc_for_IT_project\include\Calc_for_ele_projectDlg.h">
      <Filter>Header Files</Filter>
    </ClInclude>
    <ClInclude Include="C:\Users\wowek\OneDrive\Pulpit\JPO_Zapas\Calc_for_IT_project\include\framework.h">
      <Filter>Header Files</Filter>
    </ClInclude>
    <ClInclude Include="C:\Users\wowek\OneDrive\Pulpit\JPO_Zapas\Calc_for_IT_project\include\pch.h">
      <Filter>Header Files</Filter>
    </ClInclude>
    <ClInclude Include="C:\Users\wowek\OneDrive\Pulpit\JPO_Zapas\Calc_for_IT_project\include\targetver.h">
      <Filter>Header Files</Filter>
    </ClInclude>
    <ClInclude Include="C:\Users\wowek\OneDrive\Pulpit\JPO_Zapas\Calc_for_IT_project\res\resource.h">
      <Filter>Header Files</Filter>
    </ClInclude>
  </ItemGroup>
  <ItemGroup>
    <CustomBuild Include="C:\Users\wowek\OneDrive\Pulpit\JPO_Zapas\Calc_for_IT_project\CMakeLists.txt" />
  </ItemGroup>
  <ItemGroup>
    <ResourceCompile Include="C:\Users\wowek\OneDrive\Pulpit\JPO_Zapas\Calc_for_IT_project\res\Calcforeleproject.rc">
      <Filter>Source Files</Filter>
    </ResourceCompile>
  </ItemGroup>
  <ItemGroup>
    <Filter Include="Header Files">
      <UniqueIdentifier>{4EB91373-C3E8-38CA-B6E9-D75E8BE3DFB4}</UniqueIdentifier>
    </Filter>
    <Filter Include="Source Files">
      <UniqueIdentifier>{557BC141-B610-33AB-A2B8-8EC248AF7169}</UniqueIdentifier>
    </Filter>
  </ItemGroup>
</Project>
